
Microsoft Visual Studio Solution File, Format Version 12.00
Project("{FAE04EC0-301F-11D3-BF4B-00C04F79EFBC}") = "SocialCreditScoreBot2", "SocialCreditScoreBot2\SocialCreditScoreBot2.csproj", "{5EC3A9F0-E48E-4D35-8C33-BC06281449EA}"
EndProject
Global
	GlobalSection(SolutionConfigurationPlatforms) = preSolution
		Debug|Any CPU = Debug|Any CPU
		Release|Any CPU = Release|Any CPU
	EndGlobalSection
	GlobalSection(ProjectConfigurationPlatforms) = postSolution
		{5EC3A9F0-E48E-4D35-8C33-BC06281449EA}.Debug|Any CPU.ActiveCfg = Debug|Any CPU
		{5EC3A9F0-E48E-4D35-8C33-BC06281449EA}.Debug|Any CPU.Build.0 = Debug|Any CPU
		{5EC3A9F0-E48E-4D35-8C33-BC06281449EA}.Release|Any CPU.ActiveCfg = Release|Any CPU
		{5EC3A9F0-E48E-4D35-8C33-BC06281449EA}.Release|Any CPU.Build.0 = Release|Any CPU
	EndGlobalSection
EndGlobal
